<?xml version="1.0" encoding="utf-8"?>
<Project ToolsVersion="15.0" xmlns="http://schemas.microsoft.com/developer/msbuild/2003">
  <ItemGroup>
    <Filter Include="Source Files">
      <UniqueIdentifier>{A385AC69-A944-3A62-B9C6-720559A54D06}</UniqueIdentifier>
    </Filter>
    <Filter Include="Header Files">
      <UniqueIdentifier>{6614B8E2-8F13-3FEB-AED0-EC9D63C4BD74}</UniqueIdentifier>
    </Filter>
  </ItemGroup>
  <ItemGroup>
    <ClCompile Include="adler32.c">
      <Filter>Header Files</Filter>
    </ClCompile>
    <ClCompile Include="compress.c">
      <Filter>Header Files</Filter>
    </ClCompile>
    <ClCompile Include="crc32.c">
      <Filter>Header Files</Filter>
    </ClCompile>
    <ClCompile Include="deflate.c">
      <Filter>Header Files</Filter>
    </ClCompile>
    <ClCompile Include="gzclose.c">
      <Filter>Header Files</Filter>
    </ClCompile>
    <ClCompile Include="gzlib.c">
      <Filter>Header Files</Filter>
    </ClCompile>
    <ClCompile Include="gzread.c">
      <Filter>Header Files</Filter>
    </ClCompile>
    <ClCompile Include="gzwrite.c">
      <Filter>Header Files</Filter>
    </ClCompile>
    <ClCompile Include="infback.c">
      <Filter>Header Files</Filter>
    </ClCompile>
    <ClCompile Include="inffast.c">
      <Filter>Header Files</Filter>
    </ClCompile>
    <ClCompile Include="inflate.c">
      <Filter>Header Files</Filter>
    </ClCompile>
    <ClCompile Include="inftrees.c">
      <Filter>Header Files</Filter>
    </ClCompile>
    <ClCompile Include="trees.c">
      <Filter>Header Files</Filter>
    </ClCompile>
    <ClCompile Include="uncompr.c">
      <Filter>Header Files</Filter>
    </ClCompile>
    <ClCompile Include="zutil.c">
      <Filter>Header Files</Filter>
    </ClCompile>
  </ItemGroup>
  <ItemGroup>
    <ClInclude Include="crc32.h">
      <Filter>Source Files</Filter>
    </ClInclude>
    <ClInclude Include="deflate.h">
      <Filter>Source Files</Filter>
    </ClInclude>
    <ClInclude Include="gzguts.h">
      <Filter>Source Files</Filter>
    </ClInclude>
    <ClInclude Include="inffast.h">
      <Filter>Source Files</Filter>
    </ClInclude>
    <ClInclude Include="inffixed.h">
      <Filter>Source Files</Filter>
    </ClInclude>
    <ClInclude Include="inflate.h">
      <Filter>Source Files</Filter>
    </ClInclude>
    <ClInclude Include="inftrees.h">
      <Filter>Source Files</Filter>
    </ClInclude>
    <ClInclude Include="trees.h">
      <Filter>Source Files</Filter>
    </ClInclude>
    <ClInclude Include="zconf.h">
      <Filter>Source Files</Filter>
    </ClInclude>
    <ClInclude Include="zlib.h">
      <Filter>Source Files</Filter>
    </ClInclude>
    <ClInclude Include="zutil.h">
      <Filter>Source Files</Filter>
    </ClInclude>
  </ItemGroup>
</Project>