Microsoft Visual Studio Solution File, Format Version 12.00
# Visual Studio 15
VisualStudioVersion = 15.0.27130.2026
MinimumVisualStudioVersion = 10.0.40219.1
Project("{2150E333-8FDC-42A3-9474-1A3956D46DE8}") = "Components", "Components", "{EA5241BD-F5F4-4A8D-AB44-CEDFAA7938C3}"
EndProject
Project("{2150E333-8FDC-42A3-9474-1A3956D46DE8}") = "OgreMain", "OgreMain", "{355A9047-36BE-43C6-A554-B3584C30EA80}"
EndProject
Project("{2150E333-8FDC-42A3-9474-1A3956D46DE8}") = "PlugIns", "PlugIns", "{B4EBE8C8-E530-4A1D-AA27-F438725C1F23}"
EndProject
Project("{2150E333-8FDC-42A3-9474-1A3956D46DE8}") = "RenderSystems", "RenderSystems", "{180E22C2-918D-4299-BD25-E5ACCB467DB7}"
EndProject
Project("{8BC9CEB8-8B4A-11D0-8D11-00A0C91BC942}") = "OgreMain", "OgreMain\OgreMain.vcxproj", "{D0388122-F596-499B-85DC-6B6A869C026C}"
EndProject
Project("{8BC9CEB8-8B4A-11D0-8D11-00A0C91BC942}") = "Overlay", "Components\Overlay\Overlay.vcxproj", "{EE78A6F4-C80B-40C4-A576-65B50E65FFF6}"
EndProject
Project("{8BC9CEB8-8B4A-11D0-8D11-00A0C91BC942}") = "Paging", "Components\Paging\Paging.vcxproj", "{DDB80764-3305-490E-B563-C46980CA2FD2}"
EndProject
Project("{8BC9CEB8-8B4A-11D0-8D11-00A0C91BC942}") = "Property", "Components\Property\Property.vcxproj", "{137715FF-3D52-411F-96C4-611BD70022BB}"
EndProject
Project("{8BC9CEB8-8B4A-11D0-8D11-00A0C91BC942}") = "RTShaderSystem", "Components\RTShaderSystem\RTShaderSystem.vcxproj", "{17CF3FFE-DB11-4400-9635-B49F147B6D1A}"
EndProject
Project("{8BC9CEB8-8B4A-11D0-8D11-00A0C91BC942}") = "Terrain", "Components\Terrain\Terrain.vcxproj", "{1414551E-2F77-41E6-92D5-80AABA5DA241}"
EndProject
Project("{8BC9CEB8-8B4A-11D0-8D11-00A0C91BC942}") = "Volume", "Components\Volume\Volume.vcxproj", "{7E80BBEF-AB14-48DE-B175-91634689B0F6}"
EndProject
Project("{8BC9CEB8-8B4A-11D0-8D11-00A0C91BC942}") = "BSPSceneManager", "PlugIns\BSPSceneManager\BSPSceneManager.vcxproj", "{057096C8-6976-4DD6-885F-B4CDE49B5C8E}"
EndProject
Project("{8BC9CEB8-8B4A-11D0-8D11-00A0C91BC942}") = "CgProgramManager", "PlugIns\CgProgramManager\CgProgramManager.vcxproj", "{CD24E6EA-763C-4443-8D27-D9C9EF9E6C14}"
EndProject
Project("{8BC9CEB8-8B4A-11D0-8D11-00A0C91BC942}") = "OctreeSceneManager", "PlugIns\OctreeSceneManager\OctreeSceneManager.vcxproj", "{03571536-836A-49E0-9A0E-4E242A7D47EE}"
EndProject
Project("{8BC9CEB8-8B4A-11D0-8D11-00A0C91BC942}") = "OctreeZone", "PlugIns\OctreeZone\OctreeZone.vcxproj", "{6681622A-495B-49DF-AFD9-D7CCD3212267}"
EndProject
Project("{8BC9CEB8-8B4A-11D0-8D11-00A0C91BC942}") = "ParticleFX", "PlugIns\ParticleFX\ParticleFX.vcxproj", "{BE6E6156-6AD9-4057-9B40-A3BD66C0289A}"
EndProject
Project("{8BC9CEB8-8B4A-11D0-8D11-00A0C91BC942}") = "PCZSceneManager", "PlugIns\PCZSceneManager\PCZSceneManager.vcxproj", "{1D3C31EF-410C-4436-8664-BCCFAA3EDB44}"
EndProject
Project("{8BC9CEB8-8B4A-11D0-8D11-00A0C91BC942}") = "Direct3D9", "RenderSystems\Direct3D9\Direct3D9.vcxproj", "{6B315357-C30D-49F2-8DF0-7F494EB734D0}"
EndProject
Project("{8BC9CEB8-8B4A-11D0-8D11-00A0C91BC942}") = "Direct3D11", "RenderSystems\Direct3D11\Direct3D11.vcxproj", "{66CF98E8-96F4-4592-8086-275F2A488A38}"
EndProject
Project("{8BC9CEB8-8B4A-11D0-8D11-00A0C91BC942}") = "GL", "RenderSystems\GL\GL.vcxproj", "{9F7D624C-0E7F-4D15-94E1-E62DE0F3F875}"
EndProject
Project("{8BC9CEB8-8B4A-11D0-8D11-00A0C91BC942}") = "GL3Plus", "RenderSystems\GL3Plus\GL3Plus.vcxproj", "{6DA9B9A1-2106-42F9-B51B-71645BB72626}"
EndProject
Global
	GlobalSection(SolutionConfigurationPlatforms) = preSolution
		Debug|Win32 = Debug|Win32
		Release|Win32 = Release|Win32
	EndGlobalSection
	GlobalSection(ProjectConfigurationPlatforms) = postSolution
		{D0388122-F596-499B-85DC-6B6A869C026C}.Debug|Win32.ActiveCfg = Debug|Win32
		{D0388122-F596-499B-85DC-6B6A869C026C}.Debug|Win32.Build.0 = Debug|Win32
		{D0388122-F596-499B-85DC-6B6A869C026C}.Release|Win32.ActiveCfg = Release|Win32
		{D0388122-F596-499B-85DC-6B6A869C026C}.Release|Win32.Build.0 = Release|Win32
		{EE78A6F4-C80B-40C4-A576-65B50E65FFF6}.Debug|Win32.ActiveCfg = Debug|Win32
		{EE78A6F4-C80B-40C4-A576-65B50E65FFF6}.Debug|Win32.Build.0 = Debug|Win32
		{EE78A6F4-C80B-40C4-A576-65B50E65FFF6}.Release|Win32.ActiveCfg = Release|Win32
		{EE78A6F4-C80B-40C4-A576-65B50E65FFF6}.Release|Win32.Build.0 = Release|Win32
		{DDB80764-3305-490E-B563-C46980CA2FD2}.Debug|Win32.ActiveCfg = Debug|Win32
		{DDB80764-3305-490E-B563-C46980CA2FD2}.Debug|Win32.Build.0 = Debug|Win32
		{DDB80764-3305-490E-B563-C46980CA2FD2}.Release|Win32.ActiveCfg = Release|Win32
		{DDB80764-3305-490E-B563-C46980CA2FD2}.Release|Win32.Build.0 = Release|Win32
		{137715FF-3D52-411F-96C4-611BD70022BB}.Debug|Win32.ActiveCfg = Debug|Win32
		{137715FF-3D52-411F-96C4-611BD70022BB}.Debug|Win32.Build.0 = Debug|Win32
		{137715FF-3D52-411F-96C4-611BD70022BB}.Release|Win32.ActiveCfg = Release|Win32
		{137715FF-3D52-411F-96C4-611BD70022BB}.Release|Win32.Build.0 = Release|Win32
		{17CF3FFE-DB11-4400-9635-B49F147B6D1A}.Debug|Win32.ActiveCfg = Debug|Win32
		{17CF3FFE-DB11-4400-9635-B49F147B6D1A}.Debug|Win32.Build.0 = Debug|Win32
		{17CF3FFE-DB11-4400-9635-B49F147B6D1A}.Release|Win32.ActiveCfg = Release|Win32
		{17CF3FFE-DB11-4400-9635-B49F147B6D1A}.Release|Win32.Build.0 = Release|Win32
		{1414551E-2F77-41E6-92D5-80AABA5DA241}.Debug|Win32.ActiveCfg = Debug|Win32
		{1414551E-2F77-41E6-92D5-80AABA5DA241}.Debug|Win32.Build.0 = Debug|Win32
		{1414551E-2F77-41E6-92D5-80AABA5DA241}.Release|Win32.ActiveCfg = Release|Win32
		{1414551E-2F77-41E6-92D5-80AABA5DA241}.Release|Win32.Build.0 = Release|Win32
		{7E80BBEF-AB14-48DE-B175-91634689B0F6}.Debug|Win32.ActiveCfg = Debug|Win32
		{7E80BBEF-AB14-48DE-B175-91634689B0F6}.Debug|Win32.Build.0 = Debug|Win32
		{7E80BBEF-AB14-48DE-B175-91634689B0F6}.Release|Win32.ActiveCfg = Release|Win32
		{7E80BBEF-AB14-48DE-B175-91634689B0F6}.Release|Win32.Build.0 = Release|Win32
		{057096C8-6976-4DD6-885F-B4CDE49B5C8E}.Debug|Win32.ActiveCfg = Debug|Win32
		{057096C8-6976-4DD6-885F-B4CDE49B5C8E}.Debug|Win32.Build.0 = Debug|Win32
		{057096C8-6976-4DD6-885F-B4CDE49B5C8E}.Release|Win32.ActiveCfg = Release|Win32
		{057096C8-6976-4DD6-885F-B4CDE49B5C8E}.Release|Win32.Build.0 = Release|Win32
		{CD24E6EA-763C-4443-8D27-D9C9EF9E6C14}.Debug|Win32.ActiveCfg = Debug|Win32
		{CD24E6EA-763C-4443-8D27-D9C9EF9E6C14}.Debug|Win32.Build.0 = Debug|Win32
		{CD24E6EA-763C-4443-8D27-D9C9EF9E6C14}.Release|Win32.ActiveCfg = Release|Win32
		{CD24E6EA-763C-4443-8D27-D9C9EF9E6C14}.Release|Win32.Build.0 = Release|Win32
		{03571536-836A-49E0-9A0E-4E242A7D47EE}.Debug|Win32.ActiveCfg = Debug|Win32
		{03571536-836A-49E0-9A0E-4E242A7D47EE}.Debug|Win32.Build.0 = Debug|Win32
		{03571536-836A-49E0-9A0E-4E242A7D47EE}.Release|Win32.ActiveCfg = Release|Win32
		{03571536-836A-49E0-9A0E-4E242A7D47EE}.Release|Win32.Build.0 = Release|Win32
		{6681622A-495B-49DF-AFD9-D7CCD3212267}.Debug|Win32.ActiveCfg = Debug|Win32
		{6681622A-495B-49DF-AFD9-D7CCD3212267}.Debug|Win32.Build.0 = Debug|Win32
		{6681622A-495B-49DF-AFD9-D7CCD3212267}.Release|Win32.ActiveCfg = Release|Win32
		{6681622A-495B-49DF-AFD9-D7CCD3212267}.Release|Win32.Build.0 = Release|Win32
		{BE6E6156-6AD9-4057-9B40-A3BD66C0289A}.Debug|Win32.ActiveCfg = Debug|Win32
		{BE6E6156-6AD9-4057-9B40-A3BD66C0289A}.Debug|Win32.Build.0 = Debug|Win32
		{BE6E6156-6AD9-4057-9B40-A3BD66C0289A}.Release|Win32.ActiveCfg = Release|Win32
		{BE6E6156-6AD9-4057-9B40-A3BD66C0289A}.Release|Win32.Build.0 = Release|Win32
		{1D3C31EF-410C-4436-8664-BCCFAA3EDB44}.Debug|Win32.ActiveCfg = Debug|Win32
		{1D3C31EF-410C-4436-8664-BCCFAA3EDB44}.Debug|Win32.Build.0 = Debug|Win32
		{1D3C31EF-410C-4436-8664-BCCFAA3EDB44}.Release|Win32.ActiveCfg = Release|Win32
		{1D3C31EF-410C-4436-8664-BCCFAA3EDB44}.Release|Win32.Build.0 = Release|Win32
		{6B315357-C30D-49F2-8DF0-7F494EB734D0}.Debug|Win32.ActiveCfg = Debug|Win32
		{6B315357-C30D-49F2-8DF0-7F494EB734D0}.Debug|Win32.Build.0 = Debug|Win32
		{6B315357-C30D-49F2-8DF0-7F494EB734D0}.Release|Win32.ActiveCfg = Release|Win32
		{6B315357-C30D-49F2-8DF0-7F494EB734D0}.Release|Win32.Build.0 = Release|Win32
		{66CF98E8-96F4-4592-8086-275F2A488A38}.Debug|Win32.ActiveCfg = Debug|Win32
		{66CF98E8-96F4-4592-8086-275F2A488A38}.Debug|Win32.Build.0 = Debug|Win32
		{66CF98E8-96F4-4592-8086-275F2A488A38}.Release|Win32.ActiveCfg = Release|Win32
		{66CF98E8-96F4-4592-8086-275F2A488A38}.Release|Win32.Build.0 = Release|Win32
		{9F7D624C-0E7F-4D15-94E1-E62DE0F3F875}.Debug|Win32.ActiveCfg = Debug|Win32
		{9F7D624C-0E7F-4D15-94E1-E62DE0F3F875}.Debug|Win32.Build.0 = Debug|Win32
		{9F7D624C-0E7F-4D15-94E1-E62DE0F3F875}.Release|Win32.ActiveCfg = Release|Win32
		{9F7D624C-0E7F-4D15-94E1-E62DE0F3F875}.Release|Win32.Build.0 = Release|Win32
		{6DA9B9A1-2106-42F9-B51B-71645BB72626}.Debug|Win32.ActiveCfg = Debug|Win32
		{6DA9B9A1-2106-42F9-B51B-71645BB72626}.Debug|Win32.Build.0 = Debug|Win32
		{6DA9B9A1-2106-42F9-B51B-71645BB72626}.Release|Win32.ActiveCfg = Release|Win32
		{6DA9B9A1-2106-42F9-B51B-71645BB72626}.Release|Win32.Build.0 = Release|Win32
	EndGlobalSection
	GlobalSection(SolutionProperties) = preSolution
		HideSolutionNode = FALSE
	EndGlobalSection
	GlobalSection(NestedProjects) = preSolution
		{D0388122-F596-499B-85DC-6B6A869C026C} = {355A9047-36BE-43C6-A554-B3584C30EA80}
		{EE78A6F4-C80B-40C4-A576-65B50E65FFF6} = {EA5241BD-F5F4-4A8D-AB44-CEDFAA7938C3}
		{DDB80764-3305-490E-B563-C46980CA2FD2} = {EA5241BD-F5F4-4A8D-AB44-CEDFAA7938C3}
		{137715FF-3D52-411F-96C4-611BD70022BB} = {EA5241BD-F5F4-4A8D-AB44-CEDFAA7938C3}
		{17CF3FFE-DB11-4400-9635-B49F147B6D1A} = {EA5241BD-F5F4-4A8D-AB44-CEDFAA7938C3}
		{1414551E-2F77-41E6-92D5-80AABA5DA241} = {EA5241BD-F5F4-4A8D-AB44-CEDFAA7938C3}
		{7E80BBEF-AB14-48DE-B175-91634689B0F6} = {EA5241BD-F5F4-4A8D-AB44-CEDFAA7938C3}
		{057096C8-6976-4DD6-885F-B4CDE49B5C8E} = {B4EBE8C8-E530-4A1D-AA27-F438725C1F23}
		{CD24E6EA-763C-4443-8D27-D9C9EF9E6C14} = {B4EBE8C8-E530-4A1D-AA27-F438725C1F23}
		{03571536-836A-49E0-9A0E-4E242A7D47EE} = {B4EBE8C8-E530-4A1D-AA27-F438725C1F23}
		{6681622A-495B-49DF-AFD9-D7CCD3212267} = {B4EBE8C8-E530-4A1D-AA27-F438725C1F23}
		{BE6E6156-6AD9-4057-9B40-A3BD66C0289A} = {B4EBE8C8-E530-4A1D-AA27-F438725C1F23}
		{1D3C31EF-410C-4436-8664-BCCFAA3EDB44} = {B4EBE8C8-E530-4A1D-AA27-F438725C1F23}
		{6B315357-C30D-49F2-8DF0-7F494EB734D0} = {180E22C2-918D-4299-BD25-E5ACCB467DB7}
		{66CF98E8-96F4-4592-8086-275F2A488A38} = {180E22C2-918D-4299-BD25-E5ACCB467DB7}
		{9F7D624C-0E7F-4D15-94E1-E62DE0F3F875} = {180E22C2-918D-4299-BD25-E5ACCB467DB7}
		{6DA9B9A1-2106-42F9-B51B-71645BB72626} = {180E22C2-918D-4299-BD25-E5ACCB467DB7}
	EndGlobalSection
	GlobalSection(ExtensibilityGlobals) = postSolution
		SolutionGuid = {9E6D85FD-86EA-4BF9-9340-A525759ADDBF}
	EndGlobalSection
EndGlobal
