<?xml version="1.0" encoding="utf-8"?>
<Project ToolsVersion="15.0" xmlns="http://schemas.microsoft.com/developer/msbuild/2003">
  <ItemGroup>
    <Filter Include="src">
      <UniqueIdentifier>{78c0d243-c8d4-4da1-8a2c-70175067b2c6}</UniqueIdentifier>
    </Filter>
    <Filter Include="src\autofit">
      <UniqueIdentifier>{5aa336cd-a116-4006-8d51-216733ee844d}</UniqueIdentifier>
    </Filter>
    <Filter Include="src\base">
      <UniqueIdentifier>{0af982cb-4c95-4a12-8160-0a19bf91b04b}</UniqueIdentifier>
    </Filter>
    <Filter Include="src\bdf">
      <UniqueIdentifier>{95cf246e-5713-4391-be79-b13f40b9d1d6}</UniqueIdentifier>
    </Filter>
    <Filter Include="src\bzip2">
      <UniqueIdentifier>{ad90166d-bcce-4a5c-aeb1-ce82b972a49b}</UniqueIdentifier>
    </Filter>
    <Filter Include="src\cache">
      <UniqueIdentifier>{a7ca254b-046c-4823-a13d-7e5f0f38ae8b}</UniqueIdentifier>
    </Filter>
    <Filter Include="src\cff">
      <UniqueIdentifier>{d3d7a7d7-d09c-437b-af20-967a865b0beb}</UniqueIdentifier>
    </Filter>
    <Filter Include="src\cid">
      <UniqueIdentifier>{6438261c-e146-491b-8634-5388bb7bf0a5}</UniqueIdentifier>
    </Filter>
    <Filter Include="src\gxvalid">
      <UniqueIdentifier>{8404a4ea-38e9-4bf6-98d6-d7b12ed7ee1e}</UniqueIdentifier>
    </Filter>
    <Filter Include="src\gzip">
      <UniqueIdentifier>{a1a66160-caa9-4ee8-a9f9-0eecc47d9110}</UniqueIdentifier>
    </Filter>
    <Filter Include="src\lzw">
      <UniqueIdentifier>{562ada78-123c-4079-b96a-71e404ad76cd}</UniqueIdentifier>
    </Filter>
    <Filter Include="src\otvalid">
      <UniqueIdentifier>{c2363244-c501-419d-9fb7-e962894f1feb}</UniqueIdentifier>
    </Filter>
    <Filter Include="src\pcf">
      <UniqueIdentifier>{d76b7758-3ce5-416e-923a-355f528c6296}</UniqueIdentifier>
    </Filter>
    <Filter Include="src\pfr">
      <UniqueIdentifier>{a8ede13c-a3f8-4acb-a8ce-a2cabbb9f047}</UniqueIdentifier>
    </Filter>
    <Filter Include="src\psaux">
      <UniqueIdentifier>{a62205b2-5890-4c5f-a624-e2d156916f5a}</UniqueIdentifier>
    </Filter>
    <Filter Include="src\pshinter">
      <UniqueIdentifier>{5b755483-ee76-4f74-884a-431cca517d87}</UniqueIdentifier>
    </Filter>
    <Filter Include="src\psnames">
      <UniqueIdentifier>{cd91d302-12f9-4c0b-b1f7-f31ded343be0}</UniqueIdentifier>
    </Filter>
    <Filter Include="src\raster">
      <UniqueIdentifier>{3e60eef3-d106-4717-b58e-fe397e44375e}</UniqueIdentifier>
    </Filter>
    <Filter Include="src\sfnt">
      <UniqueIdentifier>{ae52696a-c202-4c33-af50-63d282f8b716}</UniqueIdentifier>
    </Filter>
    <Filter Include="src\smooth">
      <UniqueIdentifier>{a3d30707-382c-431e-ab92-c4d141046c09}</UniqueIdentifier>
    </Filter>
    <Filter Include="src\truetype">
      <UniqueIdentifier>{6cf1ee90-0702-4e75-905b-c7113294f304}</UniqueIdentifier>
    </Filter>
    <Filter Include="src\type1">
      <UniqueIdentifier>{d65db8cc-e0d1-48f5-90d2-9bfd755c3650}</UniqueIdentifier>
    </Filter>
    <Filter Include="src\type42">
      <UniqueIdentifier>{5fd03c75-bf51-4cec-a2b7-d13fd68758e2}</UniqueIdentifier>
    </Filter>
    <Filter Include="src\winfonts">
      <UniqueIdentifier>{3794f3d5-aaa4-460b-bbbc-f1ec3493e425}</UniqueIdentifier>
    </Filter>
    <Filter Include="freetype">
      <UniqueIdentifier>{b65c4bee-adce-41af-a9be-4d291cfd2716}</UniqueIdentifier>
    </Filter>
    <Filter Include="freetype\config">
      <UniqueIdentifier>{be788db6-e8ca-4faf-8f89-3ebbce8f5002}</UniqueIdentifier>
    </Filter>
    <Filter Include="freetype\internal">
      <UniqueIdentifier>{b48ad7d3-f77a-461d-a931-675b838b1314}</UniqueIdentifier>
    </Filter>
    <Filter Include="freetype\internal\services">
      <UniqueIdentifier>{f3e178ac-88c1-4068-b5ea-e31d90842742}</UniqueIdentifier>
    </Filter>
  </ItemGroup>
  <ItemGroup>
    <ClInclude Include="ft2build.h" />
    <ClInclude Include="src\autofit\afangles.h">
      <Filter>src\autofit</Filter>
    </ClInclude>
    <ClInclude Include="src\autofit\aferrors.h">
      <Filter>src\autofit</Filter>
    </ClInclude>
    <ClInclude Include="src\autofit\afglobal.h">
      <Filter>src\autofit</Filter>
    </ClInclude>
    <ClInclude Include="src\autofit\afloader.h">
      <Filter>src\autofit</Filter>
    </ClInclude>
    <ClInclude Include="src\autofit\afpic.h">
      <Filter>src\autofit</Filter>
    </ClInclude>
    <ClInclude Include="src\autofit\aftypes.h">
      <Filter>src\autofit</Filter>
    </ClInclude>
    <ClInclude Include="src\autofit\afwarp.h">
      <Filter>src\autofit</Filter>
    </ClInclude>
    <ClInclude Include="src\base\basepic.h">
      <Filter>src\base</Filter>
    </ClInclude>
    <ClInclude Include="src\base\ftbase.h">
      <Filter>src\base</Filter>
    </ClInclude>
    <ClInclude Include="src\bdf\bdf.h">
      <Filter>src\bdf</Filter>
    </ClInclude>
    <ClInclude Include="src\bdf\bdferror.h">
      <Filter>src\bdf</Filter>
    </ClInclude>
    <ClInclude Include="src\cache\ftccback.h">
      <Filter>src\cache</Filter>
    </ClInclude>
    <ClInclude Include="src\cache\ftcerror.h">
      <Filter>src\cache</Filter>
    </ClInclude>
    <ClInclude Include="src\cache\ftcglyph.h">
      <Filter>src\cache</Filter>
    </ClInclude>
    <ClInclude Include="src\cache\ftcimage.h">
      <Filter>src\cache</Filter>
    </ClInclude>
    <ClInclude Include="src\cache\ftcmru.h">
      <Filter>src\cache</Filter>
    </ClInclude>
    <ClInclude Include="src\cache\ftcsbits.h">
      <Filter>src\cache</Filter>
    </ClInclude>
    <ClInclude Include="src\cff\cfferrs.h">
      <Filter>src\cff</Filter>
    </ClInclude>
    <ClInclude Include="src\cff\cffgload.h">
      <Filter>src\cff</Filter>
    </ClInclude>
    <ClInclude Include="src\cff\cffload.h">
      <Filter>src\cff</Filter>
    </ClInclude>
    <ClInclude Include="src\cff\cffobjs.h">
      <Filter>src\cff</Filter>
    </ClInclude>
    <ClInclude Include="src\cff\cffparse.h">
      <Filter>src\cff</Filter>
    </ClInclude>
    <ClInclude Include="src\cff\cffpic.h">
      <Filter>src\cff</Filter>
    </ClInclude>
    <ClInclude Include="src\cff\cfftoken.h">
      <Filter>src\cff</Filter>
    </ClInclude>
    <ClInclude Include="src\cff\cfftypes.h">
      <Filter>src\cff</Filter>
    </ClInclude>
    <ClInclude Include="src\cid\ciderrs.h">
      <Filter>src\cid</Filter>
    </ClInclude>
    <ClInclude Include="src\cid\cidgload.h">
      <Filter>src\cid</Filter>
    </ClInclude>
    <ClInclude Include="src\cid\cidload.h">
      <Filter>src\cid</Filter>
    </ClInclude>
    <ClInclude Include="src\cid\cidobjs.h">
      <Filter>src\cid</Filter>
    </ClInclude>
    <ClInclude Include="src\cid\cidparse.h">
      <Filter>src\cid</Filter>
    </ClInclude>
    <ClInclude Include="src\cid\cidtoken.h">
      <Filter>src\cid</Filter>
    </ClInclude>
    <ClInclude Include="src\gxvalid\gxvcommn.h">
      <Filter>src\gxvalid</Filter>
    </ClInclude>
    <ClInclude Include="src\gxvalid\gxverror.h">
      <Filter>src\gxvalid</Filter>
    </ClInclude>
    <ClInclude Include="src\gxvalid\gxvfeat.h">
      <Filter>src\gxvalid</Filter>
    </ClInclude>
    <ClInclude Include="src\gxvalid\gxvmod.h">
      <Filter>src\gxvalid</Filter>
    </ClInclude>
    <ClInclude Include="src\gxvalid\gxvmort.h">
      <Filter>src\gxvalid</Filter>
    </ClInclude>
    <ClInclude Include="src\gxvalid\gxvmorx.h">
      <Filter>src\gxvalid</Filter>
    </ClInclude>
    <ClInclude Include="src\gzip\infblock.h">
      <Filter>src\gzip</Filter>
    </ClInclude>
    <ClInclude Include="src\gzip\infcodes.h">
      <Filter>src\gzip</Filter>
    </ClInclude>
    <ClInclude Include="src\gzip\inffixed.h">
      <Filter>src\gzip</Filter>
    </ClInclude>
    <ClInclude Include="src\gzip\inftrees.h">
      <Filter>src\gzip</Filter>
    </ClInclude>
    <ClInclude Include="src\gzip\infutil.h">
      <Filter>src\gzip</Filter>
    </ClInclude>
    <ClInclude Include="src\gzip\zconf.h">
      <Filter>src\gzip</Filter>
    </ClInclude>
    <ClInclude Include="src\gzip\zlib.h">
      <Filter>src\gzip</Filter>
    </ClInclude>
    <ClInclude Include="src\gzip\zutil.h">
      <Filter>src\gzip</Filter>
    </ClInclude>
    <ClInclude Include="src\winfonts\fnterrs.h">
      <Filter>src\winfonts</Filter>
    </ClInclude>
    <ClInclude Include="src\winfonts\winfnt.h">
      <Filter>src\winfonts</Filter>
    </ClInclude>
    <ClInclude Include="src\type42\t42drivr.h">
      <Filter>src\type42</Filter>
    </ClInclude>
    <ClInclude Include="src\type42\t42error.h">
      <Filter>src\type42</Filter>
    </ClInclude>
    <ClInclude Include="src\type42\t42objs.h">
      <Filter>src\type42</Filter>
    </ClInclude>
    <ClInclude Include="src\type42\t42parse.h">
      <Filter>src\type42</Filter>
    </ClInclude>
    <ClInclude Include="src\type42\t42types.h">
      <Filter>src\type42</Filter>
    </ClInclude>
    <ClInclude Include="src\type1\t1afm.h">
      <Filter>src\type1</Filter>
    </ClInclude>
    <ClInclude Include="src\type1\t1driver.h">
      <Filter>src\type1</Filter>
    </ClInclude>
    <ClInclude Include="src\type1\t1errors.h">
      <Filter>src\type1</Filter>
    </ClInclude>
    <ClInclude Include="src\type1\t1gload.h">
      <Filter>src\type1</Filter>
    </ClInclude>
    <ClInclude Include="src\type1\t1load.h">
      <Filter>src\type1</Filter>
    </ClInclude>
    <ClInclude Include="src\type1\t1objs.h">
      <Filter>src\type1</Filter>
    </ClInclude>
    <ClInclude Include="src\type1\t1parse.h">
      <Filter>src\type1</Filter>
    </ClInclude>
    <ClInclude Include="src\type1\t1tokens.h">
      <Filter>src\type1</Filter>
    </ClInclude>
    <ClInclude Include="src\truetype\tterrors.h">
      <Filter>src\truetype</Filter>
    </ClInclude>
    <ClInclude Include="src\truetype\ttgload.h">
      <Filter>src\truetype</Filter>
    </ClInclude>
    <ClInclude Include="src\truetype\ttgxvar.h">
      <Filter>src\truetype</Filter>
    </ClInclude>
    <ClInclude Include="src\truetype\ttobjs.h">
      <Filter>src\truetype</Filter>
    </ClInclude>
    <ClInclude Include="src\truetype\ttpic.h">
      <Filter>src\truetype</Filter>
    </ClInclude>
    <ClInclude Include="src\truetype\ttpload.h">
      <Filter>src\truetype</Filter>
    </ClInclude>
    <ClInclude Include="src\smooth\ftsmerrs.h">
      <Filter>src\smooth</Filter>
    </ClInclude>
    <ClInclude Include="src\smooth\ftspic.h">
      <Filter>src\smooth</Filter>
    </ClInclude>
    <ClInclude Include="src\sfnt\sferrors.h">
      <Filter>src\sfnt</Filter>
    </ClInclude>
    <ClInclude Include="src\sfnt\sfntpic.h">
      <Filter>src\sfnt</Filter>
    </ClInclude>
    <ClInclude Include="src\sfnt\sfobjs.h">
      <Filter>src\sfnt</Filter>
    </ClInclude>
    <ClInclude Include="src\sfnt\ttbdf.h">
      <Filter>src\sfnt</Filter>
    </ClInclude>
    <ClInclude Include="src\sfnt\ttcmap.h">
      <Filter>src\sfnt</Filter>
    </ClInclude>
    <ClInclude Include="src\sfnt\ttcmapc.h">
      <Filter>src\sfnt</Filter>
    </ClInclude>
    <ClInclude Include="src\sfnt\ttkern.h">
      <Filter>src\sfnt</Filter>
    </ClInclude>
    <ClInclude Include="src\sfnt\ttload.h">
      <Filter>src\sfnt</Filter>
    </ClInclude>
    <ClInclude Include="src\sfnt\ttmtx.h">
      <Filter>src\sfnt</Filter>
    </ClInclude>
    <ClInclude Include="src\sfnt\ttpost.h">
      <Filter>src\sfnt</Filter>
    </ClInclude>
    <ClInclude Include="src\sfnt\ttsbit.h">
      <Filter>src\sfnt</Filter>
    </ClInclude>
    <ClInclude Include="src\raster\ftmisc.h">
      <Filter>src\raster</Filter>
    </ClInclude>
    <ClInclude Include="src\raster\rasterrs.h">
      <Filter>src\raster</Filter>
    </ClInclude>
    <ClInclude Include="src\raster\rastpic.h">
      <Filter>src\raster</Filter>
    </ClInclude>
    <ClInclude Include="src\psnames\psmodule.h">
      <Filter>src\psnames</Filter>
    </ClInclude>
    <ClInclude Include="src\psnames\psnamerr.h">
      <Filter>src\psnames</Filter>
    </ClInclude>
    <ClInclude Include="src\psnames\pspic.h">
      <Filter>src\psnames</Filter>
    </ClInclude>
    <ClInclude Include="src\psnames\pstables.h">
      <Filter>src\psnames</Filter>
    </ClInclude>
    <ClInclude Include="src\pshinter\pshglob.h">
      <Filter>src\pshinter</Filter>
    </ClInclude>
    <ClInclude Include="src\pshinter\pshnterr.h">
      <Filter>src\pshinter</Filter>
    </ClInclude>
    <ClInclude Include="src\pshinter\pshpic.h">
      <Filter>src\pshinter</Filter>
    </ClInclude>
    <ClInclude Include="src\pshinter\pshrec.h">
      <Filter>src\pshinter</Filter>
    </ClInclude>
    <ClInclude Include="src\psaux\afmparse.h">
      <Filter>src\psaux</Filter>
    </ClInclude>
    <ClInclude Include="src\psaux\psauxerr.h">
      <Filter>src\psaux</Filter>
    </ClInclude>
    <ClInclude Include="src\psaux\psconv.h">
      <Filter>src\psaux</Filter>
    </ClInclude>
    <ClInclude Include="src\psaux\psobjs.h">
      <Filter>src\psaux</Filter>
    </ClInclude>
    <ClInclude Include="src\psaux\t1decode.h">
      <Filter>src\psaux</Filter>
    </ClInclude>
    <ClInclude Include="src\pfr\pfrerror.h">
      <Filter>src\pfr</Filter>
    </ClInclude>
    <ClInclude Include="src\pfr\pfrgload.h">
      <Filter>src\pfr</Filter>
    </ClInclude>
    <ClInclude Include="src\pfr\pfrload.h">
      <Filter>src\pfr</Filter>
    </ClInclude>
    <ClInclude Include="src\pfr\pfrobjs.h">
      <Filter>src\pfr</Filter>
    </ClInclude>
    <ClInclude Include="src\pfr\pfrsbit.h">
      <Filter>src\pfr</Filter>
    </ClInclude>
    <ClInclude Include="src\pfr\pfrtypes.h">
      <Filter>src\pfr</Filter>
    </ClInclude>
    <ClInclude Include="src\pcf\pcf.h">
      <Filter>src\pcf</Filter>
    </ClInclude>
    <ClInclude Include="src\pcf\pcferror.h">
      <Filter>src\pcf</Filter>
    </ClInclude>
    <ClInclude Include="src\pcf\pcfread.h">
      <Filter>src\pcf</Filter>
    </ClInclude>
    <ClInclude Include="src\pcf\pcfutil.h">
      <Filter>src\pcf</Filter>
    </ClInclude>
    <ClInclude Include="src\otvalid\otvalid.h">
      <Filter>src\otvalid</Filter>
    </ClInclude>
    <ClInclude Include="src\otvalid\otvcommn.h">
      <Filter>src\otvalid</Filter>
    </ClInclude>
    <ClInclude Include="src\otvalid\otverror.h">
      <Filter>src\otvalid</Filter>
    </ClInclude>
    <ClInclude Include="src\otvalid\otvgpos.h">
      <Filter>src\otvalid</Filter>
    </ClInclude>
    <ClInclude Include="src\otvalid\otvmod.h">
      <Filter>src\otvalid</Filter>
    </ClInclude>
    <ClInclude Include="freetype\config\ftconfig.h">
      <Filter>freetype\config</Filter>
    </ClInclude>
    <ClInclude Include="freetype\config\ftheader.h">
      <Filter>freetype\config</Filter>
    </ClInclude>
    <ClInclude Include="freetype\config\ftmodule.h">
      <Filter>freetype\config</Filter>
    </ClInclude>
    <ClInclude Include="freetype\config\ftoption.h">
      <Filter>freetype\config</Filter>
    </ClInclude>
    <ClInclude Include="freetype\config\ftstdlib.h">
      <Filter>freetype\config</Filter>
    </ClInclude>
    <ClInclude Include="freetype\internal\autohint.h">
      <Filter>freetype\internal</Filter>
    </ClInclude>
    <ClInclude Include="freetype\internal\ftdebug.h">
      <Filter>freetype\internal</Filter>
    </ClInclude>
    <ClInclude Include="freetype\internal\ftdriver.h">
      <Filter>freetype\internal</Filter>
    </ClInclude>
    <ClInclude Include="freetype\internal\ftmemory.h">
      <Filter>freetype\internal</Filter>
    </ClInclude>
    <ClInclude Include="freetype\internal\ftobjs.h">
      <Filter>freetype\internal</Filter>
    </ClInclude>
    <ClInclude Include="freetype\internal\ftpic.h">
      <Filter>freetype\internal</Filter>
    </ClInclude>
    <ClInclude Include="freetype\internal\ftserv.h">
      <Filter>freetype\internal</Filter>
    </ClInclude>
    <ClInclude Include="freetype\internal\fttrace.h">
      <Filter>freetype\internal</Filter>
    </ClInclude>
    <ClInclude Include="freetype\internal\ftvalid.h">
      <Filter>freetype\internal</Filter>
    </ClInclude>
    <ClInclude Include="freetype\internal\internal.h">
      <Filter>freetype\internal</Filter>
    </ClInclude>
    <ClInclude Include="freetype\internal\psaux.h">
      <Filter>freetype\internal</Filter>
    </ClInclude>
    <ClInclude Include="freetype\internal\pshints.h">
      <Filter>freetype\internal</Filter>
    </ClInclude>
    <ClInclude Include="freetype\internal\sfnt.h">
      <Filter>freetype\internal</Filter>
    </ClInclude>
    <ClInclude Include="freetype\internal\t1types.h">
      <Filter>freetype\internal</Filter>
    </ClInclude>
    <ClInclude Include="freetype\internal\tttypes.h">
      <Filter>freetype\internal</Filter>
    </ClInclude>
    <ClInclude Include="freetype\internal\services\svbdf.h">
      <Filter>freetype\internal\services</Filter>
    </ClInclude>
    <ClInclude Include="freetype\internal\services\svcid.h">
      <Filter>freetype\internal\services</Filter>
    </ClInclude>
    <ClInclude Include="freetype\internal\services\svgldict.h">
      <Filter>freetype\internal\services</Filter>
    </ClInclude>
    <ClInclude Include="freetype\internal\services\svgxval.h">
      <Filter>freetype\internal\services</Filter>
    </ClInclude>
    <ClInclude Include="freetype\internal\services\svkern.h">
      <Filter>freetype\internal\services</Filter>
    </ClInclude>
    <ClInclude Include="freetype\internal\services\svmm.h">
      <Filter>freetype\internal\services</Filter>
    </ClInclude>
    <ClInclude Include="freetype\internal\services\svotval.h">
      <Filter>freetype\internal\services</Filter>
    </ClInclude>
    <ClInclude Include="freetype\internal\services\svpfr.h">
      <Filter>freetype\internal\services</Filter>
    </ClInclude>
    <ClInclude Include="freetype\internal\services\svpostnm.h">
      <Filter>freetype\internal\services</Filter>
    </ClInclude>
    <ClInclude Include="freetype\internal\services\svpscmap.h">
      <Filter>freetype\internal\services</Filter>
    </ClInclude>
    <ClInclude Include="freetype\internal\services\svpsinfo.h">
      <Filter>freetype\internal\services</Filter>
    </ClInclude>
    <ClInclude Include="freetype\internal\services\svsfnt.h">
      <Filter>freetype\internal\services</Filter>
    </ClInclude>
    <ClInclude Include="freetype\internal\services\svttcmap.h">
      <Filter>freetype\internal\services</Filter>
    </ClInclude>
    <ClInclude Include="freetype\internal\services\svtteng.h">
      <Filter>freetype\internal\services</Filter>
    </ClInclude>
    <ClInclude Include="freetype\internal\services\svttglyf.h">
      <Filter>freetype\internal\services</Filter>
    </ClInclude>
    <ClInclude Include="freetype\internal\services\svwinfnt.h">
      <Filter>freetype\internal\services</Filter>
    </ClInclude>
    <ClInclude Include="freetype\internal\services\svxf86nm.h">
      <Filter>freetype\internal\services</Filter>
    </ClInclude>
    <ClInclude Include="freetype\freetype.h">
      <Filter>freetype</Filter>
    </ClInclude>
    <ClInclude Include="freetype\ftadvanc.h">
      <Filter>freetype</Filter>
    </ClInclude>
    <ClInclude Include="freetype\ftbbox.h">
      <Filter>freetype</Filter>
    </ClInclude>
    <ClInclude Include="freetype\ftbdf.h">
      <Filter>freetype</Filter>
    </ClInclude>
    <ClInclude Include="freetype\ftbitmap.h">
      <Filter>freetype</Filter>
    </ClInclude>
    <ClInclude Include="freetype\ftbzip2.h">
      <Filter>freetype</Filter>
    </ClInclude>
    <ClInclude Include="freetype\ftcache.h">
      <Filter>freetype</Filter>
    </ClInclude>
    <ClInclude Include="freetype\ftchapters.h">
      <Filter>freetype</Filter>
    </ClInclude>
    <ClInclude Include="freetype\ftcid.h">
      <Filter>freetype</Filter>
    </ClInclude>
    <ClInclude Include="freetype\fterrdef.h">
      <Filter>freetype</Filter>
    </ClInclude>
    <ClInclude Include="freetype\fterrors.h">
      <Filter>freetype</Filter>
    </ClInclude>
    <ClInclude Include="freetype\ftgasp.h">
      <Filter>freetype</Filter>
    </ClInclude>
    <ClInclude Include="freetype\ftglyph.h">
      <Filter>freetype</Filter>
    </ClInclude>
    <ClInclude Include="freetype\ftgxval.h">
      <Filter>freetype</Filter>
    </ClInclude>
    <ClInclude Include="freetype\ftgzip.h">
      <Filter>freetype</Filter>
    </ClInclude>
    <ClInclude Include="freetype\ftimage.h">
      <Filter>freetype</Filter>
    </ClInclude>
    <ClInclude Include="freetype\ftincrem.h">
      <Filter>freetype</Filter>
    </ClInclude>
    <ClInclude Include="freetype\ftlcdfil.h">
      <Filter>freetype</Filter>
    </ClInclude>
    <ClInclude Include="freetype\ftlist.h">
      <Filter>freetype</Filter>
    </ClInclude>
    <ClInclude Include="freetype\ftlzw.h">
      <Filter>freetype</Filter>
    </ClInclude>
    <ClInclude Include="freetype\ftmac.h">
      <Filter>freetype</Filter>
    </ClInclude>
    <ClInclude Include="freetype\ftmm.h">
      <Filter>freetype</Filter>
    </ClInclude>
    <ClInclude Include="freetype\ftmodapi.h">
      <Filter>freetype</Filter>
    </ClInclude>
    <ClInclude Include="freetype\ftmoderr.h">
      <Filter>freetype</Filter>
    </ClInclude>
    <ClInclude Include="freetype\ftotval.h">
      <Filter>freetype</Filter>
    </ClInclude>
    <ClInclude Include="freetype\ftoutln.h">
      <Filter>freetype</Filter>
    </ClInclude>
    <ClInclude Include="freetype\ftpfr.h">
      <Filter>freetype</Filter>
    </ClInclude>
    <ClInclude Include="freetype\ftrender.h">
      <Filter>freetype</Filter>
    </ClInclude>
    <ClInclude Include="freetype\ftsizes.h">
      <Filter>freetype</Filter>
    </ClInclude>
    <ClInclude Include="freetype\ftsnames.h">
      <Filter>freetype</Filter>
    </ClInclude>
    <ClInclude Include="freetype\ftstroke.h">
      <Filter>freetype</Filter>
    </ClInclude>
    <ClInclude Include="freetype\ftsynth.h">
      <Filter>freetype</Filter>
    </ClInclude>
    <ClInclude Include="freetype\ftsystem.h">
      <Filter>freetype</Filter>
    </ClInclude>
    <ClInclude Include="freetype\fttrigon.h">
      <Filter>freetype</Filter>
    </ClInclude>
    <ClInclude Include="freetype\fttypes.h">
      <Filter>freetype</Filter>
    </ClInclude>
    <ClInclude Include="freetype\ftwinfnt.h">
      <Filter>freetype</Filter>
    </ClInclude>
    <ClInclude Include="freetype\ftxf86.h">
      <Filter>freetype</Filter>
    </ClInclude>
    <ClInclude Include="freetype\t1tables.h">
      <Filter>freetype</Filter>
    </ClInclude>
    <ClInclude Include="freetype\ttnameid.h">
      <Filter>freetype</Filter>
    </ClInclude>
    <ClInclude Include="freetype\tttables.h">
      <Filter>freetype</Filter>
    </ClInclude>
    <ClInclude Include="freetype\tttags.h">
      <Filter>freetype</Filter>
    </ClInclude>
    <ClInclude Include="freetype\ttunpat.h">
      <Filter>freetype</Filter>
    </ClInclude>
  </ItemGroup>
  <ItemGroup>
    <ClCompile Include="src\autofit\afangles.c">
      <Filter>src\autofit</Filter>
    </ClCompile>
    <ClCompile Include="src\autofit\afglobal.c">
      <Filter>src\autofit</Filter>
    </ClCompile>
    <ClCompile Include="src\autofit\afloader.c">
      <Filter>src\autofit</Filter>
    </ClCompile>
    <ClCompile Include="src\autofit\afpic.c">
      <Filter>src\autofit</Filter>
    </ClCompile>
    <ClCompile Include="src\autofit\afwarp.c">
      <Filter>src\autofit</Filter>
    </ClCompile>
    <ClCompile Include="src\autofit\autofit.c">
      <Filter>src\autofit</Filter>
    </ClCompile>
    <ClCompile Include="src\base\basepic.c">
      <Filter>src\base</Filter>
    </ClCompile>
    <ClCompile Include="src\base\ftapi.c">
      <Filter>src\base</Filter>
    </ClCompile>
    <ClCompile Include="src\base\ftbase.c">
      <Filter>src\base</Filter>
    </ClCompile>
    <ClCompile Include="src\base\ftbbox.c">
      <Filter>src\base</Filter>
    </ClCompile>
    <ClCompile Include="src\base\ftbdf.c">
      <Filter>src\base</Filter>
    </ClCompile>
    <ClCompile Include="src\base\ftbitmap.c">
      <Filter>src\base</Filter>
    </ClCompile>
    <ClCompile Include="src\base\ftcid.c">
      <Filter>src\base</Filter>
    </ClCompile>
    <ClCompile Include="src\base\ftdbgmem.c">
      <Filter>src\base</Filter>
    </ClCompile>
    <ClCompile Include="src\base\ftdebug.c">
      <Filter>src\base</Filter>
    </ClCompile>
    <ClCompile Include="src\base\ftfstype.c">
      <Filter>src\base</Filter>
    </ClCompile>
    <ClCompile Include="src\base\ftgasp.c">
      <Filter>src\base</Filter>
    </ClCompile>
    <ClCompile Include="src\base\ftglyph.c">
      <Filter>src\base</Filter>
    </ClCompile>
    <ClCompile Include="src\base\ftgxval.c">
      <Filter>src\base</Filter>
    </ClCompile>
    <ClCompile Include="src\base\ftinit.c">
      <Filter>src\base</Filter>
    </ClCompile>
    <ClCompile Include="src\base\ftlcdfil.c">
      <Filter>src\base</Filter>
    </ClCompile>
    <ClCompile Include="src\base\ftmm.c">
      <Filter>src\base</Filter>
    </ClCompile>
    <ClCompile Include="src\base\ftotval.c">
      <Filter>src\base</Filter>
    </ClCompile>
    <ClCompile Include="src\base\ftpatent.c">
      <Filter>src\base</Filter>
    </ClCompile>
    <ClCompile Include="src\base\ftpfr.c">
      <Filter>src\base</Filter>
    </ClCompile>
    <ClCompile Include="src\base\ftpic.c">
      <Filter>src\base</Filter>
    </ClCompile>
    <ClCompile Include="src\base\ftstroke.c">
      <Filter>src\base</Filter>
    </ClCompile>
    <ClCompile Include="src\base\ftsynth.c">
      <Filter>src\base</Filter>
    </ClCompile>
    <ClCompile Include="src\base\ftsystem.c">
      <Filter>src\base</Filter>
    </ClCompile>
    <ClCompile Include="src\base\fttype1.c">
      <Filter>src\base</Filter>
    </ClCompile>
    <ClCompile Include="src\base\ftwinfnt.c">
      <Filter>src\base</Filter>
    </ClCompile>
    <ClCompile Include="src\base\ftxf86.c">
      <Filter>src\base</Filter>
    </ClCompile>
    <ClCompile Include="src\bdf\bdf.c">
      <Filter>src\bdf</Filter>
    </ClCompile>
    <ClCompile Include="src\bdf\bdflib.c">
      <Filter>src\bdf</Filter>
    </ClCompile>
    <ClCompile Include="src\bzip2\ftbzip2.c">
      <Filter>src\bzip2</Filter>
    </ClCompile>
    <ClCompile Include="src\cache\ftcache.c">
      <Filter>src\cache</Filter>
    </ClCompile>
    <ClCompile Include="src\cache\ftcglyph.c">
      <Filter>src\cache</Filter>
    </ClCompile>
    <ClCompile Include="src\cache\ftcimage.c">
      <Filter>src\cache</Filter>
    </ClCompile>
    <ClCompile Include="src\cache\ftcmru.c">
      <Filter>src\cache</Filter>
    </ClCompile>
    <ClCompile Include="src\cache\ftcsbits.c">
      <Filter>src\cache</Filter>
    </ClCompile>
    <ClCompile Include="src\cff\cff.c">
      <Filter>src\cff</Filter>
    </ClCompile>
    <ClCompile Include="src\cff\cffgload.c">
      <Filter>src\cff</Filter>
    </ClCompile>
    <ClCompile Include="src\cff\cffload.c">
      <Filter>src\cff</Filter>
    </ClCompile>
    <ClCompile Include="src\cff\cffobjs.c">
      <Filter>src\cff</Filter>
    </ClCompile>
    <ClCompile Include="src\cff\cffparse.c">
      <Filter>src\cff</Filter>
    </ClCompile>
    <ClCompile Include="src\cff\cffpic.c">
      <Filter>src\cff</Filter>
    </ClCompile>
    <ClCompile Include="src\cid\cidgload.c">
      <Filter>src\cid</Filter>
    </ClCompile>
    <ClCompile Include="src\cid\cidload.c">
      <Filter>src\cid</Filter>
    </ClCompile>
    <ClCompile Include="src\cid\cidobjs.c">
      <Filter>src\cid</Filter>
    </ClCompile>
    <ClCompile Include="src\cid\cidparse.c">
      <Filter>src\cid</Filter>
    </ClCompile>
    <ClCompile Include="src\cid\type1cid.c">
      <Filter>src\cid</Filter>
    </ClCompile>
    <ClCompile Include="src\gxvalid\gxvbsln.c">
      <Filter>src\gxvalid</Filter>
    </ClCompile>
    <ClCompile Include="src\gxvalid\gxvcommn.c">
      <Filter>src\gxvalid</Filter>
    </ClCompile>
    <ClCompile Include="src\gxvalid\gxvfeat.c">
      <Filter>src\gxvalid</Filter>
    </ClCompile>
    <ClCompile Include="src\gxvalid\gxvfgen.c">
      <Filter>src\gxvalid</Filter>
    </ClCompile>
    <ClCompile Include="src\gxvalid\gxvjust.c">
      <Filter>src\gxvalid</Filter>
    </ClCompile>
    <ClCompile Include="src\gxvalid\gxvkern.c">
      <Filter>src\gxvalid</Filter>
    </ClCompile>
    <ClCompile Include="src\gxvalid\gxvlcar.c">
      <Filter>src\gxvalid</Filter>
    </ClCompile>
    <ClCompile Include="src\gxvalid\gxvmod.c">
      <Filter>src\gxvalid</Filter>
    </ClCompile>
    <ClCompile Include="src\gxvalid\gxvmort.c">
      <Filter>src\gxvalid</Filter>
    </ClCompile>
    <ClCompile Include="src\gxvalid\gxvmort0.c">
      <Filter>src\gxvalid</Filter>
    </ClCompile>
    <ClCompile Include="src\gxvalid\gxvmort1.c">
      <Filter>src\gxvalid</Filter>
    </ClCompile>
    <ClCompile Include="src\gxvalid\gxvmort2.c">
      <Filter>src\gxvalid</Filter>
    </ClCompile>
    <ClCompile Include="src\gxvalid\gxvmort4.c">
      <Filter>src\gxvalid</Filter>
    </ClCompile>
    <ClCompile Include="src\gxvalid\gxvmort5.c">
      <Filter>src\gxvalid</Filter>
    </ClCompile>
    <ClCompile Include="src\gxvalid\gxvmorx.c">
      <Filter>src\gxvalid</Filter>
    </ClCompile>
    <ClCompile Include="src\gxvalid\gxvmorx0.c">
      <Filter>src\gxvalid</Filter>
    </ClCompile>
    <ClCompile Include="src\gxvalid\gxvmorx1.c">
      <Filter>src\gxvalid</Filter>
    </ClCompile>
    <ClCompile Include="src\gxvalid\gxvmorx2.c">
      <Filter>src\gxvalid</Filter>
    </ClCompile>
    <ClCompile Include="src\gxvalid\gxvmorx4.c">
      <Filter>src\gxvalid</Filter>
    </ClCompile>
    <ClCompile Include="src\gxvalid\gxvmorx5.c">
      <Filter>src\gxvalid</Filter>
    </ClCompile>
    <ClCompile Include="src\gxvalid\gxvopbd.c">
      <Filter>src\gxvalid</Filter>
    </ClCompile>
    <ClCompile Include="src\gxvalid\gxvprop.c">
      <Filter>src\gxvalid</Filter>
    </ClCompile>
    <ClCompile Include="src\gxvalid\gxvtrak.c">
      <Filter>src\gxvalid</Filter>
    </ClCompile>
    <ClCompile Include="src\gzip\adler32.c">
      <Filter>src\gzip</Filter>
    </ClCompile>
    <ClCompile Include="src\gzip\ftgzip.c">
      <Filter>src\gzip</Filter>
    </ClCompile>
    <ClCompile Include="src\gzip\zutil.c">
      <Filter>src\gzip</Filter>
    </ClCompile>
    <ClCompile Include="src\lzw\ftlzw.c">
      <Filter>src\lzw</Filter>
    </ClCompile>
    <ClCompile Include="src\winfonts\winfnt.c">
      <Filter>src\winfonts</Filter>
    </ClCompile>
    <ClCompile Include="src\type42\t42objs.c">
      <Filter>src\type42</Filter>
    </ClCompile>
    <ClCompile Include="src\type42\t42parse.c">
      <Filter>src\type42</Filter>
    </ClCompile>
    <ClCompile Include="src\type42\type42.c">
      <Filter>src\type42</Filter>
    </ClCompile>
    <ClCompile Include="src\type1\t1afm.c">
      <Filter>src\type1</Filter>
    </ClCompile>
    <ClCompile Include="src\type1\t1gload.c">
      <Filter>src\type1</Filter>
    </ClCompile>
    <ClCompile Include="src\type1\t1load.c">
      <Filter>src\type1</Filter>
    </ClCompile>
    <ClCompile Include="src\type1\t1objs.c">
      <Filter>src\type1</Filter>
    </ClCompile>
    <ClCompile Include="src\type1\t1parse.c">
      <Filter>src\type1</Filter>
    </ClCompile>
    <ClCompile Include="src\type1\type1.c">
      <Filter>src\type1</Filter>
    </ClCompile>
    <ClCompile Include="src\truetype\truetype.c">
      <Filter>src\truetype</Filter>
    </ClCompile>
    <ClCompile Include="src\truetype\ttgload.c">
      <Filter>src\truetype</Filter>
    </ClCompile>
    <ClCompile Include="src\truetype\ttgxvar.c">
      <Filter>src\truetype</Filter>
    </ClCompile>
    <ClCompile Include="src\truetype\ttobjs.c">
      <Filter>src\truetype</Filter>
    </ClCompile>
    <ClCompile Include="src\truetype\ttpic.c">
      <Filter>src\truetype</Filter>
    </ClCompile>
    <ClCompile Include="src\truetype\ttpload.c">
      <Filter>src\truetype</Filter>
    </ClCompile>
    <ClCompile Include="src\smooth\ftspic.c">
      <Filter>src\smooth</Filter>
    </ClCompile>
    <ClCompile Include="src\smooth\smooth.c">
      <Filter>src\smooth</Filter>
    </ClCompile>
    <ClCompile Include="src\sfnt\sfnt.c">
      <Filter>src\sfnt</Filter>
    </ClCompile>
    <ClCompile Include="src\sfnt\sfntpic.c">
      <Filter>src\sfnt</Filter>
    </ClCompile>
    <ClCompile Include="src\sfnt\sfobjs.c">
      <Filter>src\sfnt</Filter>
    </ClCompile>
    <ClCompile Include="src\sfnt\ttbdf.c">
      <Filter>src\sfnt</Filter>
    </ClCompile>
    <ClCompile Include="src\sfnt\ttkern.c">
      <Filter>src\sfnt</Filter>
    </ClCompile>
    <ClCompile Include="src\sfnt\ttload.c">
      <Filter>src\sfnt</Filter>
    </ClCompile>
    <ClCompile Include="src\sfnt\ttmtx.c">
      <Filter>src\sfnt</Filter>
    </ClCompile>
    <ClCompile Include="src\sfnt\ttpost.c">
      <Filter>src\sfnt</Filter>
    </ClCompile>
    <ClCompile Include="src\sfnt\ttsbit.c">
      <Filter>src\sfnt</Filter>
    </ClCompile>
    <ClCompile Include="src\raster\raster.c">
      <Filter>src\raster</Filter>
    </ClCompile>
    <ClCompile Include="src\raster\rastpic.c">
      <Filter>src\raster</Filter>
    </ClCompile>
    <ClCompile Include="src\psnames\psmodule.c">
      <Filter>src\psnames</Filter>
    </ClCompile>
    <ClCompile Include="src\psnames\pspic.c">
      <Filter>src\psnames</Filter>
    </ClCompile>
    <ClCompile Include="src\pshinter\pshglob.c">
      <Filter>src\pshinter</Filter>
    </ClCompile>
    <ClCompile Include="src\pshinter\pshinter.c">
      <Filter>src\pshinter</Filter>
    </ClCompile>
    <ClCompile Include="src\pshinter\pshpic.c">
      <Filter>src\pshinter</Filter>
    </ClCompile>
    <ClCompile Include="src\pshinter\pshrec.c">
      <Filter>src\pshinter</Filter>
    </ClCompile>
    <ClCompile Include="src\psaux\afmparse.c">
      <Filter>src\psaux</Filter>
    </ClCompile>
    <ClCompile Include="src\psaux\psaux.c">
      <Filter>src\psaux</Filter>
    </ClCompile>
    <ClCompile Include="src\psaux\psconv.c">
      <Filter>src\psaux</Filter>
    </ClCompile>
    <ClCompile Include="src\psaux\psobjs.c">
      <Filter>src\psaux</Filter>
    </ClCompile>
    <ClCompile Include="src\psaux\t1decode.c">
      <Filter>src\psaux</Filter>
    </ClCompile>
    <ClCompile Include="src\pfr\pfr.c">
      <Filter>src\pfr</Filter>
    </ClCompile>
    <ClCompile Include="src\pfr\pfrgload.c">
      <Filter>src\pfr</Filter>
    </ClCompile>
    <ClCompile Include="src\pfr\pfrload.c">
      <Filter>src\pfr</Filter>
    </ClCompile>
    <ClCompile Include="src\pfr\pfrobjs.c">
      <Filter>src\pfr</Filter>
    </ClCompile>
    <ClCompile Include="src\pfr\pfrsbit.c">
      <Filter>src\pfr</Filter>
    </ClCompile>
    <ClCompile Include="src\pcf\pcf.c">
      <Filter>src\pcf</Filter>
    </ClCompile>
    <ClCompile Include="src\pcf\pcfread.c">
      <Filter>src\pcf</Filter>
    </ClCompile>
    <ClCompile Include="src\pcf\pcfutil.c">
      <Filter>src\pcf</Filter>
    </ClCompile>
    <ClCompile Include="src\otvalid\otvbase.c">
      <Filter>src\otvalid</Filter>
    </ClCompile>
    <ClCompile Include="src\otvalid\otvcommn.c">
      <Filter>src\otvalid</Filter>
    </ClCompile>
    <ClCompile Include="src\otvalid\otvgdef.c">
      <Filter>src\otvalid</Filter>
    </ClCompile>
    <ClCompile Include="src\otvalid\otvgpos.c">
      <Filter>src\otvalid</Filter>
    </ClCompile>
    <ClCompile Include="src\otvalid\otvgsub.c">
      <Filter>src\otvalid</Filter>
    </ClCompile>
    <ClCompile Include="src\otvalid\otvjstf.c">
      <Filter>src\otvalid</Filter>
    </ClCompile>
    <ClCompile Include="src\otvalid\otvmath.c">
      <Filter>src\otvalid</Filter>
    </ClCompile>
    <ClCompile Include="src\otvalid\otvmod.c">
      <Filter>src\otvalid</Filter>
    </ClCompile>
  </ItemGroup>
  <ItemGroup>
    <None Include="src\gxvalid\README">
      <Filter>src\gxvalid</Filter>
    </None>
  </ItemGroup>
</Project>