<?xml version="1.0" encoding="utf-8"?>
<Project ToolsVersion="4.0" xmlns="http://schemas.microsoft.com/developer/msbuild/2003">
  <ItemGroup>
    <Filter Include="src">
      <UniqueIdentifier>{4FC737F1-C7A5-4376-A066-2A32D752A2FF}</UniqueIdentifier>
      <Extensions>cpp;c;cc;cxx;def;odl;idl;hpj;bat;asm;asmx</Extensions>
    </Filter>
  </ItemGroup>
  <ItemGroup>
    <ClCompile Include="btDefaultSoftBodySolver.cpp">
      <Filter>src</Filter>
    </ClCompile>
    <ClCompile Include="btSoftBody.cpp">
      <Filter>src</Filter>
    </ClCompile>
    <ClCompile Include="btSoftBodyConcaveCollisionAlgorithm.cpp">
      <Filter>src</Filter>
    </ClCompile>
    <ClCompile Include="btSoftBodyHelpers.cpp">
      <Filter>src</Filter>
    </ClCompile>
    <ClCompile Include="btSoftBodyRigidBodyCollisionConfiguration.cpp">
      <Filter>src</Filter>
    </ClCompile>
    <ClCompile Include="btSoftRigidCollisionAlgorithm.cpp">
      <Filter>src</Filter>
    </ClCompile>
    <ClCompile Include="btSoftRigidDynamicsWorld.cpp">
      <Filter>src</Filter>
    </ClCompile>
    <ClCompile Include="btSoftSoftCollisionAlgorithm.cpp">
      <Filter>src</Filter>
    </ClCompile>
  </ItemGroup>
  <ItemGroup>
    <ClInclude Include="btDefaultSoftBodySolver.h">
      <Filter>src</Filter>
    </ClInclude>
    <ClInclude Include="btSoftBody.h">
      <Filter>src</Filter>
    </ClInclude>
    <ClInclude Include="btSoftBodyConcaveCollisionAlgorithm.h">
      <Filter>src</Filter>
    </ClInclude>
    <ClInclude Include="btSoftBodyData.h">
      <Filter>src</Filter>
    </ClInclude>
    <ClInclude Include="btSoftBodyHelpers.h">
      <Filter>src</Filter>
    </ClInclude>
    <ClInclude Include="btSoftBodyInternals.h">
      <Filter>src</Filter>
    </ClInclude>
    <ClInclude Include="btSoftBodyRigidBodyCollisionConfiguration.h">
      <Filter>src</Filter>
    </ClInclude>
    <ClInclude Include="btSoftBodySolvers.h">
      <Filter>src</Filter>
    </ClInclude>
    <ClInclude Include="btSoftBodySolverVertexBuffer.h">
      <Filter>src</Filter>
    </ClInclude>
    <ClInclude Include="btSoftRigidCollisionAlgorithm.h">
      <Filter>src</Filter>
    </ClInclude>
    <ClInclude Include="btSoftRigidDynamicsWorld.h">
      <Filter>src</Filter>
    </ClInclude>
    <ClInclude Include="btSoftSoftCollisionAlgorithm.h">
      <Filter>src</Filter>
    </ClInclude>
    <ClInclude Include="btSparseSDF.h">
      <Filter>src</Filter>
    </ClInclude>
  </ItemGroup>
</Project>