<?xml version="1.0" encoding="utf-8"?>
<Project ToolsVersion="15.0" xmlns="http://schemas.microsoft.com/developer/msbuild/2003">
  <ItemGroup>
    <Filter Include="src">
      <UniqueIdentifier>{A385AC69-A944-3A62-B9C6-720559A54D06}</UniqueIdentifier>
    </Filter>
    <Filter Include="include">
      <UniqueIdentifier>{6614B8E2-8F13-3FEB-AED0-EC9D63C4BD74}</UniqueIdentifier>
    </Filter>
    <Filter Include="include\Win32">
      <UniqueIdentifier>{af44736f-94d5-4012-9cf0-fd1d01e2b36e}</UniqueIdentifier>
    </Filter>
    <Filter Include="src\Win32">
      <UniqueIdentifier>{f2a77c48-8f3a-449f-b338-23dabde5085f}</UniqueIdentifier>
    </Filter>
  </ItemGroup>
  <ItemGroup>
    <ClInclude Include="includes\OIS.h">
      <Filter>include</Filter>
    </ClInclude>
    <ClInclude Include="includes\OISConfig.h">
      <Filter>include</Filter>
    </ClInclude>
    <ClInclude Include="includes\OISEffect.h">
      <Filter>include</Filter>
    </ClInclude>
    <ClInclude Include="includes\OISEvents.h">
      <Filter>include</Filter>
    </ClInclude>
    <ClInclude Include="includes\OISException.h">
      <Filter>include</Filter>
    </ClInclude>
    <ClInclude Include="includes\OISFactoryCreator.h">
      <Filter>include</Filter>
    </ClInclude>
    <ClInclude Include="includes\OISForceFeedback.h">
      <Filter>include</Filter>
    </ClInclude>
    <ClInclude Include="includes\OISInputManager.h">
      <Filter>include</Filter>
    </ClInclude>
    <ClInclude Include="includes\OISInterface.h">
      <Filter>include</Filter>
    </ClInclude>
    <ClInclude Include="includes\OISJoyStick.h">
      <Filter>include</Filter>
    </ClInclude>
    <ClInclude Include="includes\OISKeyboard.h">
      <Filter>include</Filter>
    </ClInclude>
    <ClInclude Include="includes\OISMouse.h">
      <Filter>include</Filter>
    </ClInclude>
    <ClInclude Include="includes\OISMultiTouch.h">
      <Filter>include</Filter>
    </ClInclude>
    <ClInclude Include="includes\OISObject.h">
      <Filter>include</Filter>
    </ClInclude>
    <ClInclude Include="includes\OISPrereqs.h">
      <Filter>include</Filter>
    </ClInclude>
    <ClInclude Include="includes\win32\Win32ForceFeedback.h">
      <Filter>include\Win32</Filter>
    </ClInclude>
    <ClInclude Include="includes\win32\Win32InputManager.h">
      <Filter>include\Win32</Filter>
    </ClInclude>
    <ClInclude Include="includes\win32\Win32JoyStick.h">
      <Filter>include\Win32</Filter>
    </ClInclude>
    <ClInclude Include="includes\win32\Win32KeyBoard.h">
      <Filter>include\Win32</Filter>
    </ClInclude>
    <ClInclude Include="includes\win32\Win32Mouse.h">
      <Filter>include\Win32</Filter>
    </ClInclude>
    <ClInclude Include="includes\win32\Win32Prereqs.h">
      <Filter>include\Win32</Filter>
    </ClInclude>
  </ItemGroup>
  <ItemGroup>
    <ClCompile Include="src\OISEffect.cpp">
      <Filter>src</Filter>
    </ClCompile>
    <ClCompile Include="src\OISException.cpp">
      <Filter>src</Filter>
    </ClCompile>
    <ClCompile Include="src\OISForceFeedback.cpp">
      <Filter>src</Filter>
    </ClCompile>
    <ClCompile Include="src\OISInputManager.cpp">
      <Filter>src</Filter>
    </ClCompile>
    <ClCompile Include="src\OISJoyStick.cpp">
      <Filter>src</Filter>
    </ClCompile>
    <ClCompile Include="src\OISKeyboard.cpp">
      <Filter>src</Filter>
    </ClCompile>
    <ClCompile Include="src\OISObject.cpp">
      <Filter>src</Filter>
    </ClCompile>
    <ClCompile Include="src\win32\Win32ForceFeedback.cpp">
      <Filter>src\Win32</Filter>
    </ClCompile>
    <ClCompile Include="src\win32\Win32InputManager.cpp">
      <Filter>src\Win32</Filter>
    </ClCompile>
    <ClCompile Include="src\win32\Win32JoyStick.cpp">
      <Filter>src\Win32</Filter>
    </ClCompile>
    <ClCompile Include="src\win32\Win32KeyBoard.cpp">
      <Filter>src\Win32</Filter>
    </ClCompile>
    <ClCompile Include="src\win32\Win32Mouse.cpp">
      <Filter>src\Win32</Filter>
    </ClCompile>
  </ItemGroup>
</Project>