<?xml version="1.0" encoding="utf-8"?>
<Project ToolsVersion="4.0" xmlns="http://schemas.microsoft.com/developer/msbuild/2003">
  <ItemGroup>
    <Filter Include="Source Files">
      <UniqueIdentifier>{4FC737F1-C7A5-4376-A066-2A32D752A2FF}</UniqueIdentifier>
      <Extensions>cpp;c;cc;cxx;def;odl;idl;hpj;bat;asm;asmx</Extensions>
    </Filter>
    <Filter Include="Header Files">
      <UniqueIdentifier>{93995380-89BD-4b04-88EB-625FBE52EBFB}</UniqueIdentifier>
      <Extensions>h;hpp;hxx;hm;inl;inc;xsd</Extensions>
    </Filter>
  </ItemGroup>
  <ItemGroup>
    <ClCompile Include="bestfit.cpp">
      <Filter>Source Files</Filter>
    </ClCompile>
    <ClCompile Include="bestfitobb.cpp">
      <Filter>Source Files</Filter>
    </ClCompile>
    <ClCompile Include="cd_hull.cpp">
      <Filter>Source Files</Filter>
    </ClCompile>
    <ClCompile Include="cd_wavefront.cpp">
      <Filter>Source Files</Filter>
    </ClCompile>
    <ClCompile Include="concavity.cpp">
      <Filter>Source Files</Filter>
    </ClCompile>
    <ClCompile Include="ConvexBuilder.cpp">
      <Filter>Source Files</Filter>
    </ClCompile>
    <ClCompile Include="ConvexDecomposition.cpp">
      <Filter>Source Files</Filter>
    </ClCompile>
    <ClCompile Include="fitsphere.cpp">
      <Filter>Source Files</Filter>
    </ClCompile>
    <ClCompile Include="float_math.cpp">
      <Filter>Source Files</Filter>
    </ClCompile>
    <ClCompile Include="meshvolume.cpp">
      <Filter>Source Files</Filter>
    </ClCompile>
    <ClCompile Include="planetri.cpp">
      <Filter>Source Files</Filter>
    </ClCompile>
    <ClCompile Include="raytri.cpp">
      <Filter>Source Files</Filter>
    </ClCompile>
    <ClCompile Include="splitplane.cpp">
      <Filter>Source Files</Filter>
    </ClCompile>
    <ClCompile Include="vlookup.cpp">
      <Filter>Source Files</Filter>
    </ClCompile>
  </ItemGroup>
  <ItemGroup>
    <ClInclude Include="bestfit.h">
      <Filter>Header Files</Filter>
    </ClInclude>
    <ClInclude Include="bestfitobb.h">
      <Filter>Header Files</Filter>
    </ClInclude>
    <ClInclude Include="cd_hull.h">
      <Filter>Header Files</Filter>
    </ClInclude>
    <ClInclude Include="cd_vector.h">
      <Filter>Header Files</Filter>
    </ClInclude>
    <ClInclude Include="cd_wavefront.h">
      <Filter>Header Files</Filter>
    </ClInclude>
    <ClInclude Include="concavity.h">
      <Filter>Header Files</Filter>
    </ClInclude>
    <ClInclude Include="ConvexBuilder.h">
      <Filter>Header Files</Filter>
    </ClInclude>
    <ClInclude Include="ConvexDecomposition.h">
      <Filter>Header Files</Filter>
    </ClInclude>
    <ClInclude Include="fitsphere.h">
      <Filter>Header Files</Filter>
    </ClInclude>
    <ClInclude Include="float_math.h">
      <Filter>Header Files</Filter>
    </ClInclude>
    <ClInclude Include="meshvolume.h">
      <Filter>Header Files</Filter>
    </ClInclude>
    <ClInclude Include="planetri.h">
      <Filter>Header Files</Filter>
    </ClInclude>
    <ClInclude Include="raytri.h">
      <Filter>Header Files</Filter>
    </ClInclude>
    <ClInclude Include="splitplane.h">
      <Filter>Header Files</Filter>
    </ClInclude>
    <ClInclude Include="vlookup.h">
      <Filter>Header Files</Filter>
    </ClInclude>
  </ItemGroup>
</Project>