<?xml version="1.0" encoding="utf-8"?>
<Project ToolsVersion="4.0" xmlns="http://schemas.microsoft.com/developer/msbuild/2003">
  <ItemGroup>
    <Filter Include="Source Files">
      <UniqueIdentifier>{4FC737F1-C7A5-4376-A066-2A32D752A2FF}</UniqueIdentifier>
      <Extensions>cpp;c;cc;cxx;def;odl;idl;hpj;bat;asm;asmx</Extensions>
    </Filter>
    <Filter Include="Source Files\Win32">
      <UniqueIdentifier>{3de7148b-ba46-482b-a670-b6286d701414}</UniqueIdentifier>
    </Filter>
    <Filter Include="Source Files\GLSL">
      <UniqueIdentifier>{aba26227-1f4f-40e4-8452-8fe2d3db2d80}</UniqueIdentifier>
    </Filter>
    <Filter Include="Source Files\GLSL\include">
      <UniqueIdentifier>{98243bc1-d57c-41d8-ab38-10f7b9b8d5a0}</UniqueIdentifier>
    </Filter>
    <Filter Include="Source Files\GLSL\src">
      <UniqueIdentifier>{655f65e9-f21a-4cc5-aa24-c81e0ce5cda8}</UniqueIdentifier>
    </Filter>
    <Filter Include="Header Files">
      <UniqueIdentifier>{93995380-89BD-4b04-88EB-625FBE52EBFB}</UniqueIdentifier>
      <Extensions>h;hpp;hxx;hm;inl;inc;xsd</Extensions>
    </Filter>
    <Filter Include="Header Files\Win32">
      <UniqueIdentifier>{c7304f22-0c9a-4904-9b0e-c50ab496b284}</UniqueIdentifier>
    </Filter>
  </ItemGroup>
  <ItemGroup>
    <ClCompile Include="src\gl3w.cpp">
      <Filter>Source Files</Filter>
    </ClCompile>
    <ClCompile Include="src\OgreGL3PlusContext.cpp">
      <Filter>Source Files</Filter>
    </ClCompile>
    <ClCompile Include="src\OgreGL3PlusDefaultHardwareBufferManager.cpp">
      <Filter>Source Files</Filter>
    </ClCompile>
    <ClCompile Include="src\OgreGL3PlusDepthBuffer.cpp">
      <Filter>Source Files</Filter>
    </ClCompile>
    <ClCompile Include="src\OgreGL3PlusEngineDll.cpp">
      <Filter>Source Files</Filter>
    </ClCompile>
    <ClCompile Include="src\OgreGL3PlusFBOMultiRenderTarget.cpp">
      <Filter>Source Files</Filter>
    </ClCompile>
    <ClCompile Include="src\OgreGL3PlusFBORenderTexture.cpp">
      <Filter>Source Files</Filter>
    </ClCompile>
    <ClCompile Include="src\OgreGL3PlusFrameBufferObject.cpp">
      <Filter>Source Files</Filter>
    </ClCompile>
    <ClCompile Include="src\OgreGL3PlusGpuProgram.cpp">
      <Filter>Source Files</Filter>
    </ClCompile>
    <ClCompile Include="src\OgreGL3PlusGpuProgramManager.cpp">
      <Filter>Source Files</Filter>
    </ClCompile>
    <ClCompile Include="src\OgreGL3PlusHardwareBufferManager.cpp">
      <Filter>Source Files</Filter>
    </ClCompile>
    <ClCompile Include="src\OgreGL3PlusHardwareCounterBuffer.cpp">
      <Filter>Source Files</Filter>
    </ClCompile>
    <ClCompile Include="src\OgreGL3PlusHardwareIndexBuffer.cpp">
      <Filter>Source Files</Filter>
    </ClCompile>
    <ClCompile Include="src\OgreGL3PlusHardwareOcclusionQuery.cpp">
      <Filter>Source Files</Filter>
    </ClCompile>
    <ClCompile Include="src\OgreGL3PlusHardwarePixelBuffer.cpp">
      <Filter>Source Files</Filter>
    </ClCompile>
    <ClCompile Include="src\OgreGL3PlusHardwareUniformBuffer.cpp">
      <Filter>Source Files</Filter>
    </ClCompile>
    <ClCompile Include="src\OgreGL3PlusHardwareVertexBuffer.cpp">
      <Filter>Source Files</Filter>
    </ClCompile>
    <ClCompile Include="src\OgreGL3PlusPixelFormat.cpp">
      <Filter>Source Files</Filter>
    </ClCompile>
    <ClCompile Include="src\OgreGL3PlusPlugin.cpp">
      <Filter>Source Files</Filter>
    </ClCompile>
    <ClCompile Include="src\OgreGL3PlusRenderSystem.cpp">
      <Filter>Source Files</Filter>
    </ClCompile>
    <ClCompile Include="src\OgreGL3PlusRenderTexture.cpp">
      <Filter>Source Files</Filter>
    </ClCompile>
    <ClCompile Include="src\OgreGL3PlusRenderToVertexBuffer.cpp">
      <Filter>Source Files</Filter>
    </ClCompile>
    <ClCompile Include="src\OgreGL3PlusSupport.cpp">
      <Filter>Source Files</Filter>
    </ClCompile>
    <ClCompile Include="src\OgreGL3PlusTexture.cpp">
      <Filter>Source Files</Filter>
    </ClCompile>
    <ClCompile Include="src\OgreGL3PlusTextureManager.cpp">
      <Filter>Source Files</Filter>
    </ClCompile>
    <ClCompile Include="src\OgreGL3PlusVertexArrayObject.cpp">
      <Filter>Source Files</Filter>
    </ClCompile>
    <ClCompile Include="src\win32\OgreWin32Context.cpp">
      <Filter>Source Files\Win32</Filter>
    </ClCompile>
    <ClCompile Include="src\win32\OgreWin32GLSupport.cpp">
      <Filter>Source Files\Win32</Filter>
    </ClCompile>
    <ClCompile Include="src\win32\OgreWin32Window.cpp">
      <Filter>Source Files\Win32</Filter>
    </ClCompile>
    <ClCompile Include="src\GLSL\src\OgreGLSLExtSupport.cpp">
      <Filter>Source Files\GLSL\src</Filter>
    </ClCompile>
    <ClCompile Include="src\GLSL\src\OgreGLSLGpuProgram.cpp">
      <Filter>Source Files\GLSL\src</Filter>
    </ClCompile>
    <ClCompile Include="src\GLSL\src\OgreGLSLLinkProgram.cpp">
      <Filter>Source Files\GLSL\src</Filter>
    </ClCompile>
    <ClCompile Include="src\GLSL\src\OgreGLSLLinkProgramManager.cpp">
      <Filter>Source Files\GLSL\src</Filter>
    </ClCompile>
    <ClCompile Include="src\GLSL\src\OgreGLSLPreprocessor.cpp">
      <Filter>Source Files\GLSL\src</Filter>
    </ClCompile>
    <ClCompile Include="src\GLSL\src\OgreGLSLProgram.cpp">
      <Filter>Source Files\GLSL\src</Filter>
    </ClCompile>
    <ClCompile Include="src\GLSL\src\OgreGLSLProgramCommon.cpp">
      <Filter>Source Files\GLSL\src</Filter>
    </ClCompile>
    <ClCompile Include="src\GLSL\src\OgreGLSLProgramFactory.cpp">
      <Filter>Source Files\GLSL\src</Filter>
    </ClCompile>
    <ClCompile Include="src\GLSL\src\OgreGLSLProgramManagerCommon.cpp">
      <Filter>Source Files\GLSL\src</Filter>
    </ClCompile>
    <ClCompile Include="src\GLSL\src\OgreGLSLProgramPipeline.cpp">
      <Filter>Source Files\GLSL\src</Filter>
    </ClCompile>
    <ClCompile Include="src\GLSL\src\OgreGLSLProgramPipelineManager.cpp">
      <Filter>Source Files\GLSL\src</Filter>
    </ClCompile>
  </ItemGroup>
  <ItemGroup>
    <ClInclude Include="src\win32\OgreGL3PlusUtil.h">
      <Filter>Source Files\Win32</Filter>
    </ClInclude>
    <ClInclude Include="src\GLSL\include\OgreGLSLExtSupport.h">
      <Filter>Source Files\GLSL\include</Filter>
    </ClInclude>
    <ClInclude Include="src\GLSL\include\OgreGLSLGpuProgram.h">
      <Filter>Source Files\GLSL\include</Filter>
    </ClInclude>
    <ClInclude Include="src\GLSL\include\OgreGLSLLinkProgram.h">
      <Filter>Source Files\GLSL\include</Filter>
    </ClInclude>
    <ClInclude Include="src\GLSL\include\OgreGLSLLinkProgramManager.h">
      <Filter>Source Files\GLSL\include</Filter>
    </ClInclude>
    <ClInclude Include="src\GLSL\include\OgreGLSLPreprocessor.h">
      <Filter>Source Files\GLSL\include</Filter>
    </ClInclude>
    <ClInclude Include="src\GLSL\include\OgreGLSLProgram.h">
      <Filter>Source Files\GLSL\include</Filter>
    </ClInclude>
    <ClInclude Include="src\GLSL\include\OgreGLSLProgramCommon.h">
      <Filter>Source Files\GLSL\include</Filter>
    </ClInclude>
    <ClInclude Include="src\GLSL\include\OgreGLSLProgramFactory.h">
      <Filter>Source Files\GLSL\include</Filter>
    </ClInclude>
    <ClInclude Include="src\GLSL\include\OgreGLSLProgramManagerCommon.h">
      <Filter>Source Files\GLSL\include</Filter>
    </ClInclude>
    <ClInclude Include="src\GLSL\include\OgreGLSLProgramPipeline.h">
      <Filter>Source Files\GLSL\include</Filter>
    </ClInclude>
    <ClInclude Include="src\GLSL\include\OgreGLSLProgramPipelineManager.h">
      <Filter>Source Files\GLSL\include</Filter>
    </ClInclude>
    <ClInclude Include="include\OgreGL3PlusContext.h">
      <Filter>Header Files</Filter>
    </ClInclude>
    <ClInclude Include="include\OgreGL3PlusDefaultHardwareBufferManager.h">
      <Filter>Header Files</Filter>
    </ClInclude>
    <ClInclude Include="include\OgreGL3PlusDepthBuffer.h">
      <Filter>Header Files</Filter>
    </ClInclude>
    <ClInclude Include="include\OgreGL3PlusFBOMultiRenderTarget.h">
      <Filter>Header Files</Filter>
    </ClInclude>
    <ClInclude Include="include\OgreGL3PlusFBORenderTexture.h">
      <Filter>Header Files</Filter>
    </ClInclude>
    <ClInclude Include="include\OgreGL3PlusFrameBufferObject.h">
      <Filter>Header Files</Filter>
    </ClInclude>
    <ClInclude Include="include\OgreGL3PlusGpuProgram.h">
      <Filter>Header Files</Filter>
    </ClInclude>
    <ClInclude Include="include\OgreGL3PlusGpuProgramManager.h">
      <Filter>Header Files</Filter>
    </ClInclude>
    <ClInclude Include="include\OgreGL3PlusHardwareBufferManager.h">
      <Filter>Header Files</Filter>
    </ClInclude>
    <ClInclude Include="include\OgreGL3PlusHardwareCounterBuffer.h">
      <Filter>Header Files</Filter>
    </ClInclude>
    <ClInclude Include="include\OgreGL3PlusHardwareIndexBuffer.h">
      <Filter>Header Files</Filter>
    </ClInclude>
    <ClInclude Include="include\OgreGL3PlusHardwareOcclusionQuery.h">
      <Filter>Header Files</Filter>
    </ClInclude>
    <ClInclude Include="include\OgreGL3PlusHardwarePixelBuffer.h">
      <Filter>Header Files</Filter>
    </ClInclude>
    <ClInclude Include="include\OgreGL3PlusHardwareUniformBuffer.h">
      <Filter>Header Files</Filter>
    </ClInclude>
    <ClInclude Include="include\OgreGL3PlusHardwareVertexBuffer.h">
      <Filter>Header Files</Filter>
    </ClInclude>
    <ClInclude Include="include\OgreGL3PlusPixelFormat.h">
      <Filter>Header Files</Filter>
    </ClInclude>
    <ClInclude Include="include\OgreGL3PlusPlugin.h">
      <Filter>Header Files</Filter>
    </ClInclude>
    <ClInclude Include="include\OgreGL3PlusPrerequisites.h">
      <Filter>Header Files</Filter>
    </ClInclude>
    <ClInclude Include="include\OgreGL3PlusRenderSystem.h">
      <Filter>Header Files</Filter>
    </ClInclude>
    <ClInclude Include="include\OgreGL3PlusRenderTexture.h">
      <Filter>Header Files</Filter>
    </ClInclude>
    <ClInclude Include="include\OgreGL3PlusRenderToVertexBuffer.h">
      <Filter>Header Files</Filter>
    </ClInclude>
    <ClInclude Include="include\OgreGL3PlusSupport.h">
      <Filter>Header Files</Filter>
    </ClInclude>
    <ClInclude Include="include\OgreGL3PlusTexture.h">
      <Filter>Header Files</Filter>
    </ClInclude>
    <ClInclude Include="include\OgreGL3PlusTextureManager.h">
      <Filter>Header Files</Filter>
    </ClInclude>
    <ClInclude Include="include\OgreGL3PlusVertexArrayObject.h">
      <Filter>Header Files</Filter>
    </ClInclude>
    <ClInclude Include="include\win32\OgreWin32Context.h">
      <Filter>Header Files\Win32</Filter>
    </ClInclude>
    <ClInclude Include="include\win32\OgreWin32GLSupport.h">
      <Filter>Header Files\Win32</Filter>
    </ClInclude>
    <ClInclude Include="include\win32\OgreWin32Prerequisites.h">
      <Filter>Header Files\Win32</Filter>
    </ClInclude>
    <ClInclude Include="include\win32\OgreWin32Window.h">
      <Filter>Header Files\Win32</Filter>
    </ClInclude>
  </ItemGroup>
</Project>